// !$*UTF8*$!
{
	archiveVersion = 1;
	classes = {
	};
	objectVersion = 55;
	objects = {

/* Begin PBXBuildFile section */
		0C664F60CDDD7794A58E346E /* libPods-CameraApp.a in Frameworks */ = {isa = PBXBuildFile; fileRef = 4DCC5EFDE6235ED701723423 /* libPods-CameraApp.a */; };
		AD6C43F7275C976200402DD5 /* No photos yet.png in Resources */ = {isa = PBXBuildFile; fileRef = AD6C43F6275C976200402DD5 /* No photos yet.png */; };
		AD6F5064275C00DB00AF104E /* AppDelegate.swift in Sources */ = {isa = PBXBuildFile; fileRef = AD6F5063275C00DB00AF104E /* AppDelegate.swift */; };
		AD6F5066275C00DB00AF104E /* SceneDelegate.swift in Sources */ = {isa = PBXBuildFile; fileRef = AD6F5065275C00DB00AF104E /* SceneDelegate.swift */; };
		AD6F5068275C00DB00AF104E /* LoginVC.swift in Sources */ = {isa = PBXBuildFile; fileRef = AD6F5067275C00DB00AF104E /* LoginVC.swift */; };
		AD6F506D275C00DD00AF104E /* Assets.xcassets in Resources */ = {isa = PBXBuildFile; fileRef = AD6F506C275C00DD00AF104E /* Assets.xcassets */; };
		AD6F5070275C00DD00AF104E /* LaunchScreen.storyboard in Resources */ = {isa = PBXBuildFile; fileRef = AD6F506E275C00DD00AF104E /* LaunchScreen.storyboard */; };
		AD6F5079275C014600AF104E /* LaunchScreen.swift in Sources */ = {isa = PBXBuildFile; fileRef = AD6F5078275C014600AF104E /* LaunchScreen.swift */; };
		AD6F507B275C018100AF104E /* PhotoVC.swift in Sources */ = {isa = PBXBuildFile; fileRef = AD6F507A275C018100AF104E /* PhotoVC.swift */; };
		AD6F507D275C029700AF104E /* camShot.json in Resources */ = {isa = PBXBuildFile; fileRef = AD6F507C275C029700AF104E /* camShot.json */; };
/* End PBXBuildFile section */

/* Begin PBXFileReference section */
		4DCC5EFDE6235ED701723423 /* libPods-CameraApp.a */ = {isa = PBXFileReference; explicitFileType = archive.ar; includeInIndex = 0; path = "libPods-CameraApp.a"; sourceTree = BUILT_PRODUCTS_DIR; };
		9B62FBC26618975B7A9B1D79 /* Pods-CameraApp.debug.xcconfig */ = {isa = PBXFileReference; includeInIndex = 1; lastKnownFileType = text.xcconfig; name = "Pods-CameraApp.debug.xcconfig"; path = "Target Support Files/Pods-CameraApp/Pods-CameraApp.debug.xcconfig"; sourceTree = "<group>"; };
		AC7D4F902EE4CC0A4077F1ED /* Pods-CameraApp.release.xcconfig */ = {isa = PBXFileReference; includeInIndex = 1; lastKnownFileType = text.xcconfig; name = "Pods-CameraApp.release.xcconfig"; path = "Target Support Files/Pods-CameraApp/Pods-CameraApp.release.xcconfig"; sourceTree = "<group>"; };
		AD6C43F6275C976200402DD5 /* No photos yet.png */ = {isa = PBXFileReference; lastKnownFileType = image.png; path = "No photos yet.png"; sourceTree = "<group>"; };
		AD6F5060275C00DB00AF104E /* CameraApp.app */ = {isa = PBXFileReference; explicitFileType = wrapper.application; includeInIndex = 0; path = CameraApp.app; sourceTree = BUILT_PRODUCTS_DIR; };
		AD6F5063275C00DB00AF104E /* AppDelegate.swift */ = {isa = PBXFileReference; lastKnownFileType = sourcecode.swift; path = AppDelegate.swift; sourceTree = "<group>"; };
		AD6F5065275C00DB00AF104E /* SceneDelegate.swift */ = {isa = PBXFileReference; lastKnownFileType = sourcecode.swift; path = SceneDelegate.swift; sourceTree = "<group>"; };
		AD6F5067275C00DB00AF104E /* LoginVC.swift */ = {isa = PBXFileReference; lastKnownFileType = sourcecode.swift; path = LoginVC.swift; sourceTree = "<group>"; };
		AD6F506C275C00DD00AF104E /* Assets.xcassets */ = {isa = PBXFileReference; lastKnownFileType = folder.assetcatalog; path = Assets.xcassets; sourceTree = "<group>"; };
		AD6F506F275C00DD00AF104E /* Base */ = {isa = PBXFileReference; lastKnownFileType = file.storyboard; name = Base; path = Base.lproj/LaunchScreen.storyboard; sourceTree = "<group>"; };
		AD6F5071275C00DD00AF104E /* Info.plist */ = {isa = PBXFileReference; lastKnownFileType = text.plist.xml; path = Info.plist; sourceTree = "<group>"; };
		AD6F5078275C014600AF104E /* LaunchScreen.swift */ = {isa = PBXFileReference; lastKnownFileType = sourcecode.swift; path = LaunchScreen.swift; sourceTree = "<group>"; };
		AD6F507A275C018100AF104E /* PhotoVC.swift */ = {isa = PBXFileReference; lastKnownFileType = sourcecode.swift; path = PhotoVC.swift; sourceTree = "<group>"; };
		AD6F507C275C029700AF104E /* camShot.json */ = {isa = PBXFileReference; fileEncoding = 4; lastKnownFileType = text.json; path = camShot.json; sourceTree = "<group>"; };
/* End PBXFileReference section */

/* Begin PBXFrameworksBuildPhase section */
		AD6F505D275C00DB00AF104E /* Frameworks */ = {
			isa = PBXFrameworksBuildPhase;
			buildActionMask = 2147483647;
			files = (
				0C664F60CDDD7794A58E346E /* libPods-CameraApp.a in Frameworks */,
			);
			runOnlyForDeploymentPostprocessing = 0;
		};
/* End PBXFrameworksBuildPhase section */

/* Begin PBXGroup section */
		1D04FC481EC09F2919C85FD4 /* Frameworks */ = {
			isa = PBXGroup;
			children = (
				4DCC5EFDE6235ED701723423 /* libPods-CameraApp.a */,
			);
			name = Frameworks;
			sourceTree = "<group>";
		};
		5E03864D6DB750AA965DA8A8 /* Pods */ = {
			isa = PBXGroup;
			children = (
				9B62FBC26618975B7A9B1D79 /* Pods-CameraApp.debug.xcconfig */,
				AC7D4F902EE4CC0A4077F1ED /* Pods-CameraApp.release.xcconfig */,
			);
			path = Pods;
			sourceTree = "<group>";
		};
		AD6F5057275C00DB00AF104E = {
			isa = PBXGroup;
			children = (
				AD6F5062275C00DB00AF104E /* CameraApp */,
				AD6F5061275C00DB00AF104E /* Products */,
				5E03864D6DB750AA965DA8A8 /* Pods */,
				1D04FC481EC09F2919C85FD4 /* Frameworks */,
			);
			sourceTree = "<group>";
		};
		AD6F5061275C00DB00AF104E /* Products */ = {
			isa = PBXGroup;
			children = (
				AD6F5060275C00DB00AF104E /* CameraApp.app */,
			);
			name = Products;
			sourceTree = "<group>";
		};
		AD6F5062275C00DB00AF104E /* CameraApp */ = {
			isa = PBXGroup;
			children = (
				AD6F5077275C012A00AF104E /* Assets */,
				AD6F5063275C00DB00AF104E /* AppDelegate.swift */,
				AD6F5065275C00DB00AF104E /* SceneDelegate.swift */,
				AD6F5067275C00DB00AF104E /* LoginVC.swift */,
				AD6F506E275C00DD00AF104E /* LaunchScreen.storyboard */,
				AD6F5071275C00DD00AF104E /* Info.plist */,
				AD6F5078275C014600AF104E /* LaunchScreen.swift */,
				AD6F507A275C018100AF104E /* PhotoVC.swift */,
			);
			path = CameraApp;
			sourceTree = "<group>";
		};
		AD6F5077275C012A00AF104E /* Assets */ = {
			isa = PBXGroup;
			children = (
				AD6F506C275C00DD00AF104E /* Assets.xcassets */,
				AD6C43F6275C976200402DD5 /* No photos yet.png */,
				AD6F507C275C029700AF104E /* camShot.json */,
			);
			path = Assets;
			sourceTree = "<group>";
		};
/* End PBXGroup section */

/* Begin PBXNativeTarget section */
		AD6F505F275C00DB00AF104E /* CameraApp */ = {
			isa = PBXNativeTarget;
			buildConfigurationList = AD6F5074275C00DD00AF104E /* Build configuration list for PBXNativeTarget "CameraApp" */;
			buildPhases = (
				52AF9DF0FFDDE961026AB32C /* [CP] Check Pods Manifest.lock */,
				AD6F505C275C00DB00AF104E /* Sources */,
				AD6F505D275C00DB00AF104E /* Frameworks */,
				AD6F505E275C00DB00AF104E /* Resources */,
			);
			buildRules = (
			);
			dependencies = (
			);
			name = CameraApp;
			productName = CameraApp;
			productReference = AD6F5060275C00DB00AF104E /* CameraApp.app */;
			productType = "com.apple.product-type.application";
		};
/* End PBXNativeTarget section */

/* Begin PBXProject section */
		AD6F5058275C00DB00AF104E /* Project object */ = {
			isa = PBXProject;
			attributes = {
				BuildIndependentTargetsInParallel = 1;
				LastSwiftUpdateCheck = 1310;
				LastUpgradeCheck = 1310;
				TargetAttributes = {
					AD6F505F275C00DB00AF104E = {
						CreatedOnToolsVersion = 13.1;
					};
				};
			};
			buildConfigurationList = AD6F505B275C00DB00AF104E /* Build configuration list for PBXProject "CameraApp" */;
			compatibilityVersion = "Xcode 13.0";
			developmentRegion = en;
			hasScannedForEncodings = 0;
			knownRegions = (
				en,
				Base,
			);
			mainGroup = AD6F5057275C00DB00AF104E;
			productRefGroup = AD6F5061275C00DB00AF104E /* Products */;
			projectDirPath = "";
			projectRoot = "";
			targets = (
				AD6F505F275C00DB00AF104E /* CameraApp */,
			);
		};
/* End PBXProject section */

/* Begin PBXResourcesBuildPhase section */
		AD6F505E275C00DB00AF104E /* Resources */ = {
			isa = PBXResourcesBuildPhase;
			buildActionMask = 2147483647;
			files = (
				AD6C43F7275C976200402DD5 /* No photos yet.png in Resources */,
				AD6F5070275C00DD00AF104E /* LaunchScreen.storyboard in Resources */,
				AD6F507D275C029700AF104E /* camShot.json in Resources */,
				AD6F506D275C00DD00AF104E /* Assets.xcassets in Resources */,
			);
			runOnlyForDeploymentPostprocessing = 0;
		};
/* End PBXResourcesBuildPhase section */

/* Begin PBXShellScriptBuildPhase section */
		52AF9DF0FFDDE961026AB32C /* [CP] Check Pods Manifest.lock */ = {
			isa = PBXShellScriptBuildPhase;
			buildActionMask = 2147483647;
			files = (
			);
			inputFileListPaths = (
			);
			inputPaths = (
				"${PODS_PODFILE_DIR_PATH}/Podfile.lock",
				"${PODS_ROOT}/Manifest.lock",
			);
			name = "[CP] Check Pods Manifest.lock";
			outputFileListPaths = (
			);
			outputPaths = (
				"$(DERIVED_FILE_DIR)/Pods-CameraApp-checkManifestLockResult.txt",
			);
			runOnlyForDeploymentPostprocessing = 0;
			shellPath = /bin/sh;
			shellScript = "diff \"${PODS_PODFILE_DIR_PATH}/Podfile.lock\" \"${PODS_ROOT}/Manifest.lock\" > /dev/null\nif [ $? != 0 ] ; then\n    # print error to STDERR\n    echo \"error: The sandbox is not in sync with the Podfile.lock. Run 'pod install' or update your CocoaPods installation.\" >&2\n    exit 1\nfi\n# This output is used by Xcode 'outputs' to avoid re-running this script phase.\necho \"SUCCESS\" > \"${SCRIPT_OUTPUT_FILE_0}\"\n";
			showEnvVarsInLog = 0;
		};
/* End PBXShellScriptBuildPhase section */

/* Begin PBXSourcesBuildPhase section */
		AD6F505C275C00DB00AF104E /* Sources */ = {
			isa = PBXSourcesBuildPhase;
			buildActionMask = 2147483647;
			files = (
				AD6F5079275C014600AF104E /* LaunchScreen.swift in Sources */,
				AD6F5068275C00DB00AF104E /* LoginVC.swift in Sources */,
				AD6F5064275C00DB00AF104E /* AppDelegate.swift in Sources */,
				AD6F507B275C018100AF104E /* PhotoVC.swift in Sources */,
				AD6F5066275C00DB00AF104E /* SceneDelegate.swift in Sources */,
			);
			runOnlyForDeploymentPostprocessing = 0;
		};
/* End PBXSourcesBuildPhase section */

/* Begin PBXVariantGroup section */
		AD6F506E275C00DD00AF104E /* LaunchScreen.storyboard */ = {
			isa = PBXVariantGroup;
			children = (
				AD6F506F275C00DD00AF104E /* Base */,
			);
			name = LaunchScreen.storyboard;
			sourceTree = "<group>";
		};
/* End PBXVariantGroup section */

/* Begin XCBuildConfiguration section */
		AD6F5072275C00DD00AF104E /* Debug */ = {
			isa = XCBuildConfiguration;
			buildSettings = {
				ALWAYS_SEARCH_USER_PATHS = NO;
				CLANG_ANALYZER_NONNULL = YES;
				CLANG_ANALYZER_NUMBER_OBJECT_CONVERSION = YES_AGGRESSIVE;
				CLANG_CXX_LANGUAGE_STANDARD = "gnu++17";
				CLANG_CXX_LIBRARY = "libc++";
				CLANG_ENABLE_MODULES = YES;
				CLANG_ENABLE_OBJC_ARC = YES;
				CLANG_ENABLE_OBJC_WEAK = YES;
				CLANG_WARN_BLOCK_CAPTURE_AUTORELEASING = YES;
				CLANG_WARN_BOOL_CONVERSION = YES;
				CLANG_WARN_COMMA = YES;
				CLANG_WARN_CONSTANT_CONVERSION = YES;
				CLANG_WARN_DEPRECATED_OBJC_IMPLEMENTATIONS = YES;
				CLANG_WARN_DIRECT_OBJC_ISA_USAGE = YES_ERROR;
				CLANG_WARN_DOCUMENTATION_COMMENTS = YES;
				CLANG_WARN_EMPTY_BODY = YES;
				CLANG_WARN_ENUM_CONVERSION = YES;
				CLANG_WARN_INFINITE_RECURSION = YES;
				CLANG_WARN_INT_CONVERSION = YES;
				CLANG_WARN_NON_LITERAL_NULL_CONVERSION = YES;
				CLANG_WARN_OBJC_IMPLICIT_RETAIN_SELF = YES;
				CLANG_WARN_OBJC_LITERAL_CONVERSION = YES;
				CLANG_WARN_OBJC_ROOT_CLASS = YES_ERROR;
				CLANG_WARN_QUOTED_INCLUDE_IN_FRAMEWORK_HEADER = YES;
				CLANG_WARN_RANGE_LOOP_ANALYSIS = YES;
				CLANG_WARN_STRICT_PROTOTYPES = YES;
				CLANG_WARN_SUSPICIOUS_MOVE = YES;
				CLANG_WARN_UNGUARDED_AVAILABILITY = YES_AGGRESSIVE;
				CLANG_WARN_UNREACHABLE_CODE = YES;
				CLANG_WARN__DUPLICATE_METHOD_MATCH = YES;
				COPY_PHASE_STRIP = NO;
				DEBUG_INFORMATION_FORMAT = dwarf;
				ENABLE_STRICT_OBJC_MSGSEND = YES;
				ENABLE_TESTABILITY = YES;
				GCC_C_LANGUAGE_STANDARD = gnu11;
				GCC_DYNAMIC_NO_PIC = NO;
				GCC_NO_COMMON_BLOCKS = YES;
				GCC_OPTIMIZATION_LEVEL = 0;
				GCC_PREPROCESSOR_DEFINITIONS = (
					"DEBUG=1",
					"$(inherited)",
				);
				GCC_WARN_64_TO_32_BIT_CONVERSION = YES;
				GCC_WARN_ABOUT_RETURN_TYPE = YES_ERROR;
				GCC_WARN_UNDECLARED_SELECTOR = YES;
				GCC_WARN_UNINITIALIZED_AUTOS = YES_AGGRESSIVE;
				GCC_WARN_UNUSED_FUNCTION = YES;
				GCC_WARN_UNUSED_VARIABLE = YES;
				IPHONEOS_DEPLOYMENT_TARGET = 15.0;
				MTL_ENABLE_DEBUG_INFO = INCLUDE_SOURCE;
				MTL_FAST_MATH = YES;
				ONLY_ACTIVE_ARCH = YES;
				SDKROOT = iphoneos;
				SWIFT_ACTIVE_COMPILATION_CONDITIONS = DEBUG;
				SWIFT_OPTIMIZATION_LEVEL = "-Onone";
			};
			name = Debug;
		};
		AD6F5073275C00DD00AF104E /* Release */ = {
			isa = XCBuildConfiguration;
			buildSettings = {
				ALWAYS_SEARCH_USER_PATHS = NO;
				CLANG_ANALYZER_NONNULL = YES;
				CLANG_ANALYZER_NUMBER_OBJECT_CONVERSION = YES_AGGRESSIVE;
				CLANG_CXX_LANGUAGE_STANDARD = "gnu++17";
				CLANG_CXX_LIBRARY = "libc++";
				CLANG_ENABLE_MODULES = YES;
				CLANG_ENABLE_OBJC_ARC = YES;
				CLANG_ENABLE_OBJC_WEAK = YES;
				CLANG_WARN_BLOCK_CAPTURE_AUTORELEASING = YES;
				CLANG_WARN_BOOL_CONVERSION = YES;
				CLANG_WARN_COMMA = YES;
				CLANG_WARN_CONSTANT_CONVERSION = YES;
				CLANG_WARN_DEPRECATED_OBJC_IMPLEMENTATIONS = YES;
				CLANG_WARN_DIRECT_OBJC_ISA_USAGE = YES_ERROR;
				CLANG_WARN_DOCUMENTATION_COMMENTS = YES;
				CLANG_WARN_EMPTY_BODY = YES;
				CLANG_WARN_ENUM_CONVERSION = YES;
				CLANG_WARN_INFINITE_RECURSION = YES;
				CLANG_WARN_INT_CONVERSION = YES;
				CLANG_WARN_NON_LITERAL_NULL_CONVERSION = YES;
				CLANG_WARN_OBJC_IMPLICIT_RETAIN_SELF = YES;
				CLANG_WARN_OBJC_LITERAL_CONVERSION = YES;
				CLANG_WARN_OBJC_ROOT_CLASS = YES_ERROR;
				CLANG_WARN_QUOTED_INCLUDE_IN_FRAMEWORK_HEADER = YES;
				CLANG_WARN_RANGE_LOOP_ANALYSIS = YES;
				CLANG_WARN_STRICT_PROTOTYPES = YES;
				CLANG_WARN_SUSPICIOUS_MOVE = YES;
				CLANG_WARN_UNGUARDED_AVAILABILITY = YES_AGGRESSIVE;
				CLANG_WARN_UNREACHABLE_CODE = YES;
				CLANG_WARN__DUPLICATE_METHOD_MATCH = YES;
				COPY_PHASE_STRIP = NO;
				DEBUG_INFORMATION_FORMAT = "dwarf-with-dsym";
				ENABLE_NS_ASSERTIONS = NO;
				ENABLE_STRICT_OBJC_MSGSEND = YES;
				GCC_C_LANGUAGE_STANDARD = gnu11;
				GCC_NO_COMMON_BLOCKS = YES;
				GCC_WARN_64_TO_32_BIT_CONVERSION = YES;
				GCC_WARN_ABOUT_RETURN_TYPE = YES_ERROR;
				GCC_WARN_UNDECLARED_SELECTOR = YES;
				GCC_WARN_UNINITIALIZED_AUTOS = YES_AGGRESSIVE;
				GCC_WARN_UNUSED_FUNCTION = YES;
				GCC_WARN_UNUSED_VARIABLE = YES;
				IPHONEOS_DEPLOYMENT_TARGET = 15.0;
				MTL_ENABLE_DEBUG_INFO = NO;
				MTL_FAST_MATH = YES;
				SDKROOT = iphoneos;
				SWIFT_COMPILATION_MODE = wholemodule;
				SWIFT_OPTIMIZATION_LEVEL = "-O";
				VALIDATE_PRODUCT = YES;
			};
			name = Release;
		};
		AD6F5075275C00DD00AF104E /* Debug */ = {
			isa = XCBuildConfiguration;
			baseConfigurationReference = 9B62FBC26618975B7A9B1D79 /* Pods-CameraApp.debug.xcconfig */;
			buildSettings = {
				ASSETCATALOG_COMPILER_APPICON_NAME = AppIcon;
				ASSETCATALOG_COMPILER_GLOBAL_ACCENT_COLOR_NAME = AccentColor;
				CODE_SIGN_STYLE = Automatic;
				CURRENT_PROJECT_VERSION = 1;
				DEVELOPMENT_TEAM = 77XBRR3742;
				GENERATE_INFOPLIST_FILE = YES;
				INFOPLIST_FILE = CameraApp/Info.plist;
				INFOPLIST_KEY_UIApplicationSupportsIndirectInputEvents = YES;
				INFOPLIST_KEY_UILaunchStoryboardName = LaunchScreen;
				INFOPLIST_KEY_UISupportedInterfaceOrientations_iPad = "UIInterfaceOrientationPortrait UIInterfaceOrientationPortraitUpsideDown UIInterfaceOrientationLandscapeLeft UIInterfaceOrientationLandscapeRight";
				INFOPLIST_KEY_UISupportedInterfaceOrientations_iPhone = "UIInterfaceOrientationPortrait UIInterfaceOrientationLandscapeLeft UIInterfaceOrientationLandscapeRight";
				LD_RUNPATH_SEARCH_PATHS = (
					"$(inherited)",
					"@executable_path/Frameworks",
				);
				MARKETING_VERSION = 1.0;
				PRODUCT_BUNDLE_IDENTIFIER = "-.CameraApp";
				PRODUCT_NAME = "$(TARGET_NAME)";
				SWIFT_EMIT_LOC_STRINGS = YES;
				SWIFT_VERSION = 5.0;
				TARGETED_DEVICE_FAMILY = "1,2";
			};
			name = Debug;
		};
		AD6F5076275C00DD00AF104E /* Release */ = {
			isa = XCBuildConfiguration;
			baseConfigurationReference = AC7D4F902EE4CC0A4077F1ED /* Pods-CameraApp.release.xcconfig */;
			buildSettings = {
				ASSETCATALOG_COMPILER_APPICON_NAME = AppIcon;
				ASSETCATALOG_COMPILER_GLOBAL_ACCENT_COLOR_NAME = AccentColor;
				CODE_SIGN_STYLE = Automatic;
				CURRENT_PROJECT_VERSION = 1;
				DEVELOPMENT_TEAM = 77XBRR3742;
				GENERATE_INFOPLIST_FILE = YES;
				INFOPLIST_FILE = CameraApp/Info.plist;
				INFOPLIST_KEY_UIApplicationSupportsIndirectInputEvents = YES;
				INFOPLIST_KEY_UILaunchStoryboardName = LaunchScreen;
				INFOPLIST_KEY_UISupportedInterfaceOrientations_iPad = "UIInterfaceOrientationPortrait UIInterfaceOrientationPortraitUpsideDown UIInterfaceOrientationLandscapeLeft UIInterfaceOrientationLandscapeRight";
				INFOPLIST_KEY_UISupportedInterfaceOrientations_iPhone = "UIInterfaceOrientationPortrait UIInterfaceOrientationLandscapeLeft UIInterfaceOrientationLandscapeRight";
				LD_RUNPATH_SEARCH_PATHS = (
					"$(inherited)",
					"@executable_path/Frameworks",
				);
				MARKETING_VERSION = 1.0;
				PRODUCT_BUNDLE_IDENTIFIER = "-.CameraApp";
				PRODUCT_NAME = "$(TARGET_NAME)";
				SWIFT_EMIT_LOC_STRINGS = YES;
				SWIFT_VERSION = 5.0;
				TARGETED_DEVICE_FAMILY = "1,2";
			};
			name = Release;
		};
/* End XCBuildConfiguration section */

/* Begin XCConfigurationList section */
		AD6F505B275C00DB00AF104E /* Build configuration list for PBXProject "CameraApp" */ = {
			isa = XCConfigurationList;
			buildConfigurations = (
				AD6F5072275C00DD00AF104E /* Debug */,
				AD6F5073275C00DD00AF104E /* Release */,
			);
			defaultConfigurationIsVisible = 0;
			defaultConfigurationName = Release;
		};
		AD6F5074275C00DD00AF104E /* Build configuration list for PBXNativeTarget "CameraApp" */ = {
			isa = XCConfigurationList;
			buildConfigurations = (
				AD6F5075275C00DD00AF104E /* Debug */,
				AD6F5076275C00DD00AF104E /* Release */,
			);
			defaultConfigurationIsVisible = 0;
			defaultConfigurationName = Release;
		};
/* End XCConfigurationList section */
	};
	rootObject = AD6F5058275C00DB00AF104E /* Project object */;
}
